
Microsoft Visual Studio Solution File, Format Version 12.00
# Visual Studio Version 17
VisualStudioVersion = 17.10.35013.160
MinimumVisualStudioVersion = 10.0.40219.1
Project("{9A19103F-16F7-4668-BE54-9A1E7A4F7556}") = "LojaSQL", "LojaSQL.csproj", "{B5AEE864-74B9-4BF0-BA49-44D3257E35F5}"
EndProject
Project("{FAE04EC0-301F-11D3-BF4B-00C04F79EFBC}") = "LojaSQL.Infra.EF", "..\LojaSQL.Infra.EF\LojaSQL.Infra.EF.csproj", "{14CC8766-8716-41ED-8066-2B7021EB5941}"
EndProject
Project("{FAE04EC0-301F-11D3-BF4B-00C04F79EFBC}") = "LojaSQL.Infra.Linq", "..\LojaSQL.Infra.Linq\LojaSQL.Infra.Linq.csproj", "{E954FD96-9982-439F-A6CC-DE404E1C2F03}"
EndProject
Global
	GlobalSection(SolutionConfigurationPlatforms) = preSolution
		Debug|Any CPU = Debug|Any CPU
		Release|Any CPU = Release|Any CPU
	EndGlobalSection
	GlobalSection(ProjectConfigurationPlatforms) = postSolution
		{B5AEE864-74B9-4BF0-BA49-44D3257E35F5}.Debug|Any CPU.ActiveCfg = Debug|Any CPU
		{B5AEE864-74B9-4BF0-BA49-44D3257E35F5}.Debug|Any CPU.Build.0 = Debug|Any CPU
		{B5AEE864-74B9-4BF0-BA49-44D3257E35F5}.Release|Any CPU.ActiveCfg = Release|Any CPU
		{B5AEE864-74B9-4BF0-BA49-44D3257E35F5}.Release|Any CPU.Build.0 = Release|Any CPU
		{14CC8766-8716-41ED-8066-2B7021EB5941}.Debug|Any CPU.ActiveCfg = Debug|Any CPU
		{14CC8766-8716-41ED-8066-2B7021EB5941}.Debug|Any CPU.Build.0 = Debug|Any CPU
		{14CC8766-8716-41ED-8066-2B7021EB5941}.Release|Any CPU.ActiveCfg = Release|Any CPU
		{14CC8766-8716-41ED-8066-2B7021EB5941}.Release|Any CPU.Build.0 = Release|Any CPU
		{E954FD96-9982-439F-A6CC-DE404E1C2F03}.Debug|Any CPU.ActiveCfg = Debug|Any CPU
		{E954FD96-9982-439F-A6CC-DE404E1C2F03}.Debug|Any CPU.Build.0 = Debug|Any CPU
		{E954FD96-9982-439F-A6CC-DE404E1C2F03}.Release|Any CPU.ActiveCfg = Release|Any CPU
		{E954FD96-9982-439F-A6CC-DE404E1C2F03}.Release|Any CPU.Build.0 = Release|Any CPU
	EndGlobalSection
	GlobalSection(SolutionProperties) = preSolution
		HideSolutionNode = FALSE
	EndGlobalSection
	GlobalSection(ExtensibilityGlobals) = postSolution
		SolutionGuid = {6D35C9AD-9EB5-476F-B712-D6BCE6D7CABA}
	EndGlobalSection
EndGlobal
